
Microsoft Visual Studio Solution File, Format Version 12.00
# Visual Studio Version 16
VisualStudioVersion = 16.0.32228.343
MinimumVisualStudioVersion = 10.0.40219.1
Project("{FAE04EC0-301F-11D3-BF4B-00C04F79EFBC}") = "UI(User Interface)", "UI(User Interface)\UI(User Interface).csproj", "{61BDE50E-4AA9-4498-9390-FA4C3CBD0976}"
EndProject
Project("{FAE04EC0-301F-11D3-BF4B-00C04F79EFBC}") = "BOL(Bussines Object Layer)", "BOL(Bussines Object Layer)\BOL(Bussines Object Layer).csproj", "{1A309549-A997-461D-BC3A-DE3BC35BC657}"
EndProject
Project("{FAE04EC0-301F-11D3-BF4B-00C04F79EFBC}") = "BLL(Business Logic Layer)", "BLL(Business Logic Layer)\BLL(Business Logic Layer).csproj", "{58FF74BB-1B15-4912-AC01-438A47952471}"
EndProject
Project("{FAE04EC0-301F-11D3-BF4B-00C04F79EFBC}") = "DAL(Data Access Layer)", "DAL(Data Access Layer)\DAL(Data Access Layer).csproj", "{BE8912AD-71C6-4484-8D3F-AC7806D5BE25}"
EndProject
Global
	GlobalSection(SolutionConfigurationPlatforms) = preSolution
		Debug|Any CPU = Debug|Any CPU
		Release|Any CPU = Release|Any CPU
	EndGlobalSection
	GlobalSection(ProjectConfigurationPlatforms) = postSolution
		{61BDE50E-4AA9-4498-9390-FA4C3CBD0976}.Debug|Any CPU.ActiveCfg = Debug|Any CPU
		{61BDE50E-4AA9-4498-9390-FA4C3CBD0976}.Debug|Any CPU.Build.0 = Debug|Any CPU
		{61BDE50E-4AA9-4498-9390-FA4C3CBD0976}.Release|Any CPU.ActiveCfg = Release|Any CPU
		{61BDE50E-4AA9-4498-9390-FA4C3CBD0976}.Release|Any CPU.Build.0 = Release|Any CPU
		{1A309549-A997-461D-BC3A-DE3BC35BC657}.Debug|Any CPU.ActiveCfg = Debug|Any CPU
		{1A309549-A997-461D-BC3A-DE3BC35BC657}.Debug|Any CPU.Build.0 = Debug|Any CPU
		{1A309549-A997-461D-BC3A-DE3BC35BC657}.Release|Any CPU.ActiveCfg = Release|Any CPU
		{1A309549-A997-461D-BC3A-DE3BC35BC657}.Release|Any CPU.Build.0 = Release|Any CPU
		{58FF74BB-1B15-4912-AC01-438A47952471}.Debug|Any CPU.ActiveCfg = Debug|Any CPU
		{58FF74BB-1B15-4912-AC01-438A47952471}.Debug|Any CPU.Build.0 = Debug|Any CPU
		{58FF74BB-1B15-4912-AC01-438A47952471}.Release|Any CPU.ActiveCfg = Release|Any CPU
		{58FF74BB-1B15-4912-AC01-438A47952471}.Release|Any CPU.Build.0 = Release|Any CPU
		{BE8912AD-71C6-4484-8D3F-AC7806D5BE25}.Debug|Any CPU.ActiveCfg = Debug|Any CPU
		{BE8912AD-71C6-4484-8D3F-AC7806D5BE25}.Debug|Any CPU.Build.0 = Debug|Any CPU
		{BE8912AD-71C6-4484-8D3F-AC7806D5BE25}.Release|Any CPU.ActiveCfg = Release|Any CPU
		{BE8912AD-71C6-4484-8D3F-AC7806D5BE25}.Release|Any CPU.Build.0 = Release|Any CPU
	EndGlobalSection
	GlobalSection(SolutionProperties) = preSolution
		HideSolutionNode = FALSE
	EndGlobalSection
	GlobalSection(ExtensibilityGlobals) = postSolution
		SolutionGuid = {029FABEE-3E96-4DD3-938F-44AA95361045}
	EndGlobalSection
EndGlobal
