
Microsoft Visual Studio Solution File, Format Version 12.00
# Visual Studio Version 16
VisualStudioVersion = 16.0.32228.343
MinimumVisualStudioVersion = 10.0.40219.1
Project("{FAE04EC0-301F-11D3-BF4B-00C04F79EFBC}") = "task", "task\task.csproj", "{90241E7A-C62A-487B-A9A4-05CAFDB03C26}"
EndProject
Global
	GlobalSection(SolutionConfigurationPlatforms) = preSolution
		Debug|Any CPU = Debug|Any CPU
		Release|Any CPU = Release|Any CPU
	EndGlobalSection
	GlobalSection(ProjectConfigurationPlatforms) = postSolution
		{90241E7A-C62A-487B-A9A4-05CAFDB03C26}.Debug|Any CPU.ActiveCfg = Debug|Any CPU
		{90241E7A-C62A-487B-A9A4-05CAFDB03C26}.Debug|Any CPU.Build.0 = Debug|Any CPU
		{90241E7A-C62A-487B-A9A4-05CAFDB03C26}.Release|Any CPU.ActiveCfg = Release|Any CPU
		{90241E7A-C62A-487B-A9A4-05CAFDB03C26}.Release|Any CPU.Build.0 = Release|Any CPU
	EndGlobalSection
	GlobalSection(SolutionProperties) = preSolution
		HideSolutionNode = FALSE
	EndGlobalSection
	GlobalSection(ExtensibilityGlobals) = postSolution
		SolutionGuid = {D61696A8-6A4E-48F5-8BDC-EB42CD569296}
	EndGlobalSection
EndGlobal
