
Microsoft Visual Studio Solution File, Format Version 12.00
# Visual Studio Version 16
VisualStudioVersion = 16.0.32228.343
MinimumVisualStudioVersion = 10.0.40219.1
Project("{FAE04EC0-301F-11D3-BF4B-00C04F79EFBC}") = "Secondtask", "Secondtask.csproj", "{522DAA59-D653-48E5-B0D1-1B7ECAC38540}"
EndProject
Global
	GlobalSection(SolutionConfigurationPlatforms) = preSolution
		Debug|Any CPU = Debug|Any CPU
		Release|Any CPU = Release|Any CPU
	EndGlobalSection
	GlobalSection(ProjectConfigurationPlatforms) = postSolution
		{522DAA59-D653-48E5-B0D1-1B7ECAC38540}.Debug|Any CPU.ActiveCfg = Debug|Any CPU
		{522DAA59-D653-48E5-B0D1-1B7ECAC38540}.Debug|Any CPU.Build.0 = Debug|Any CPU
		{522DAA59-D653-48E5-B0D1-1B7ECAC38540}.Release|Any CPU.ActiveCfg = Release|Any CPU
		{522DAA59-D653-48E5-B0D1-1B7ECAC38540}.Release|Any CPU.Build.0 = Release|Any CPU
	EndGlobalSection
	GlobalSection(SolutionProperties) = preSolution
		HideSolutionNode = FALSE
	EndGlobalSection
	GlobalSection(ExtensibilityGlobals) = postSolution
		SolutionGuid = {D035A676-42F1-4151-B943-31DD2FB02A82}
	EndGlobalSection
EndGlobal
